
Microsoft Visual Studio Solution File, Format Version 12.00
# Visual Studio Version 16
VisualStudioVersion = 16.0.31702.278
MinimumVisualStudioVersion = 10.0.40219.1
Project("{2150E333-8FDC-42A3-9474-1A3956D46DE8}") = "src", "src", "{99E20C5D-F612-468F-A3C9-03691A83125F}"
EndProject
Project("{2150E333-8FDC-42A3-9474-1A3956D46DE8}") = "BuildingBlocks", "BuildingBlocks", "{93C7B26C-7234-4E60-9B8D-AA50335381E1}"
EndProject
Project("{2150E333-8FDC-42A3-9474-1A3956D46DE8}") = "Services", "Services", "{76B777AD-579F-47D6-BE3D-36EE17986AD7}"
EndProject
Project("{2150E333-8FDC-42A3-9474-1A3956D46DE8}") = "Web", "Web", "{4561EAA5-A5E1-47C8-BED1-2A6ACF22AF20}"
EndProject
Project("{2150E333-8FDC-42A3-9474-1A3956D46DE8}") = "Identidade", "Identidade", "{AFD3B767-8756-4E41-AA01-660A2E2EFBC6}"
EndProject
Project("{2150E333-8FDC-42A3-9474-1A3956D46DE8}") = "MVC", "MVC", "{312AB5F0-0392-4D81-9ECA-55BA4DDCB5A6}"
EndProject
Project("{2150E333-8FDC-42A3-9474-1A3956D46DE8}") = "Core", "Core", "{59740400-4F36-4E2F-BA19-D0B7757A326B}"
EndProject
Project("{FAE04EC0-301F-11D3-BF4B-00C04F79EFBC}") = "IBE.Core", "src\buildingblocks\IBE.Core\IBE.Core.csproj", "{6DBCD6C2-B824-4320-B28B-6527ED44B11C}"
EndProject
Project("{2150E333-8FDC-42A3-9474-1A3956D46DE8}") = "Carrinho", "Carrinho", "{9AB89D16-B751-4E0B-A504-7B44B268DAA1}"
EndProject
Project("{2150E333-8FDC-42A3-9474-1A3956D46DE8}") = "Catalogo", "Catalogo", "{B54FD88F-F784-48F6-8853-EC419C98961F}"
EndProject
Project("{2150E333-8FDC-42A3-9474-1A3956D46DE8}") = "Cliente", "Cliente", "{7E5E8D5C-DD8F-4AF9-B235-0253C39E7CCC}"
EndProject
Project("{2150E333-8FDC-42A3-9474-1A3956D46DE8}") = "Pagamento", "Pagamento", "{A0969864-7AA3-4867-BA6E-19201EFF3930}"
EndProject
Project("{2150E333-8FDC-42A3-9474-1A3956D46DE8}") = "Pedido", "Pedido", "{D0B67A18-BA3A-499D-B9E1-E9892E2B5302}"
EndProject
Project("{FAE04EC0-301F-11D3-BF4B-00C04F79EFBC}") = "IBE.Identidade.API", "src\services\IBE.Identidade.API\IBE.Identidade.API.csproj", "{92893E5B-6A32-4DCB-B7DF-AE21BA943738}"
EndProject
Project("{FAE04EC0-301F-11D3-BF4B-00C04F79EFBC}") = "IBE.WebApp.MVC", "src\web\IBE.WebApp.MVC\IBE.WebApp.MVC.csproj", "{BE037B44-BF22-4AF2-98BB-AC4D0FF35E74}"
EndProject
Project("{FAE04EC0-301F-11D3-BF4B-00C04F79EFBC}") = "IBE.Carrinho.API", "src\services\IBE.Carrinho.API\IBE.Carrinho.API.csproj", "{FA163E22-73A1-4336-A0A0-D10355AD6A85}"
EndProject
Project("{FAE04EC0-301F-11D3-BF4B-00C04F79EFBC}") = "IBE.Catalogo.API", "src\services\IBE.Catalogo.API\IBE.Catalogo.API.csproj", "{9B566AEA-A973-4D22-BC11-664AEC4C59D0}"
EndProject
Project("{FAE04EC0-301F-11D3-BF4B-00C04F79EFBC}") = "IBE.Cliente.API", "src\services\IBE.Cliente.API\IBE.Cliente.API.csproj", "{A232B5DF-9781-4843-A405-E14788DD0B21}"
EndProject
Project("{FAE04EC0-301F-11D3-BF4B-00C04F79EFBC}") = "IBE.Pagamento.API", "src\services\IBE.Pagamento.API\IBE.Pagamento.API.csproj", "{CDB0E567-DA5B-4379-8682-4A20641476A0}"
EndProject
Project("{FAE04EC0-301F-11D3-BF4B-00C04F79EFBC}") = "IBE.Pedido.API", "src\services\IBE.Pedido.API\IBE.Pedido.API.csproj", "{36D45AEB-07E0-4182-A2C6-8228CEACD19D}"
EndProject
Global
	GlobalSection(SolutionConfigurationPlatforms) = preSolution
		Debug|Any CPU = Debug|Any CPU
		Release|Any CPU = Release|Any CPU
	EndGlobalSection
	GlobalSection(ProjectConfigurationPlatforms) = postSolution
		{6DBCD6C2-B824-4320-B28B-6527ED44B11C}.Debug|Any CPU.ActiveCfg = Debug|Any CPU
		{6DBCD6C2-B824-4320-B28B-6527ED44B11C}.Debug|Any CPU.Build.0 = Debug|Any CPU
		{6DBCD6C2-B824-4320-B28B-6527ED44B11C}.Release|Any CPU.ActiveCfg = Release|Any CPU
		{6DBCD6C2-B824-4320-B28B-6527ED44B11C}.Release|Any CPU.Build.0 = Release|Any CPU
		{92893E5B-6A32-4DCB-B7DF-AE21BA943738}.Debug|Any CPU.ActiveCfg = Debug|Any CPU
		{92893E5B-6A32-4DCB-B7DF-AE21BA943738}.Debug|Any CPU.Build.0 = Debug|Any CPU
		{92893E5B-6A32-4DCB-B7DF-AE21BA943738}.Release|Any CPU.ActiveCfg = Release|Any CPU
		{92893E5B-6A32-4DCB-B7DF-AE21BA943738}.Release|Any CPU.Build.0 = Release|Any CPU
		{BE037B44-BF22-4AF2-98BB-AC4D0FF35E74}.Debug|Any CPU.ActiveCfg = Debug|Any CPU
		{BE037B44-BF22-4AF2-98BB-AC4D0FF35E74}.Debug|Any CPU.Build.0 = Debug|Any CPU
		{BE037B44-BF22-4AF2-98BB-AC4D0FF35E74}.Release|Any CPU.ActiveCfg = Release|Any CPU
		{BE037B44-BF22-4AF2-98BB-AC4D0FF35E74}.Release|Any CPU.Build.0 = Release|Any CPU
		{FA163E22-73A1-4336-A0A0-D10355AD6A85}.Debug|Any CPU.ActiveCfg = Debug|Any CPU
		{FA163E22-73A1-4336-A0A0-D10355AD6A85}.Debug|Any CPU.Build.0 = Debug|Any CPU
		{FA163E22-73A1-4336-A0A0-D10355AD6A85}.Release|Any CPU.ActiveCfg = Release|Any CPU
		{FA163E22-73A1-4336-A0A0-D10355AD6A85}.Release|Any CPU.Build.0 = Release|Any CPU
		{9B566AEA-A973-4D22-BC11-664AEC4C59D0}.Debug|Any CPU.ActiveCfg = Debug|Any CPU
		{9B566AEA-A973-4D22-BC11-664AEC4C59D0}.Debug|Any CPU.Build.0 = Debug|Any CPU
		{9B566AEA-A973-4D22-BC11-664AEC4C59D0}.Release|Any CPU.ActiveCfg = Release|Any CPU
		{9B566AEA-A973-4D22-BC11-664AEC4C59D0}.Release|Any CPU.Build.0 = Release|Any CPU
		{A232B5DF-9781-4843-A405-E14788DD0B21}.Debug|Any CPU.ActiveCfg = Debug|Any CPU
		{A232B5DF-9781-4843-A405-E14788DD0B21}.Debug|Any CPU.Build.0 = Debug|Any CPU
		{A232B5DF-9781-4843-A405-E14788DD0B21}.Release|Any CPU.ActiveCfg = Release|Any CPU
		{A232B5DF-9781-4843-A405-E14788DD0B21}.Release|Any CPU.Build.0 = Release|Any CPU
		{CDB0E567-DA5B-4379-8682-4A20641476A0}.Debug|Any CPU.ActiveCfg = Debug|Any CPU
		{CDB0E567-DA5B-4379-8682-4A20641476A0}.Debug|Any CPU.Build.0 = Debug|Any CPU
		{CDB0E567-DA5B-4379-8682-4A20641476A0}.Release|Any CPU.ActiveCfg = Release|Any CPU
		{CDB0E567-DA5B-4379-8682-4A20641476A0}.Release|Any CPU.Build.0 = Release|Any CPU
		{36D45AEB-07E0-4182-A2C6-8228CEACD19D}.Debug|Any CPU.ActiveCfg = Debug|Any CPU
		{36D45AEB-07E0-4182-A2C6-8228CEACD19D}.Debug|Any CPU.Build.0 = Debug|Any CPU
		{36D45AEB-07E0-4182-A2C6-8228CEACD19D}.Release|Any CPU.ActiveCfg = Release|Any CPU
		{36D45AEB-07E0-4182-A2C6-8228CEACD19D}.Release|Any CPU.Build.0 = Release|Any CPU
	EndGlobalSection
	GlobalSection(SolutionProperties) = preSolution
		HideSolutionNode = FALSE
	EndGlobalSection
	GlobalSection(NestedProjects) = preSolution
		{93C7B26C-7234-4E60-9B8D-AA50335381E1} = {99E20C5D-F612-468F-A3C9-03691A83125F}
		{76B777AD-579F-47D6-BE3D-36EE17986AD7} = {99E20C5D-F612-468F-A3C9-03691A83125F}
		{4561EAA5-A5E1-47C8-BED1-2A6ACF22AF20} = {99E20C5D-F612-468F-A3C9-03691A83125F}
		{AFD3B767-8756-4E41-AA01-660A2E2EFBC6} = {76B777AD-579F-47D6-BE3D-36EE17986AD7}
		{312AB5F0-0392-4D81-9ECA-55BA4DDCB5A6} = {4561EAA5-A5E1-47C8-BED1-2A6ACF22AF20}
		{59740400-4F36-4E2F-BA19-D0B7757A326B} = {93C7B26C-7234-4E60-9B8D-AA50335381E1}
		{6DBCD6C2-B824-4320-B28B-6527ED44B11C} = {59740400-4F36-4E2F-BA19-D0B7757A326B}
		{9AB89D16-B751-4E0B-A504-7B44B268DAA1} = {76B777AD-579F-47D6-BE3D-36EE17986AD7}
		{B54FD88F-F784-48F6-8853-EC419C98961F} = {76B777AD-579F-47D6-BE3D-36EE17986AD7}
		{7E5E8D5C-DD8F-4AF9-B235-0253C39E7CCC} = {76B777AD-579F-47D6-BE3D-36EE17986AD7}
		{A0969864-7AA3-4867-BA6E-19201EFF3930} = {76B777AD-579F-47D6-BE3D-36EE17986AD7}
		{D0B67A18-BA3A-499D-B9E1-E9892E2B5302} = {76B777AD-579F-47D6-BE3D-36EE17986AD7}
		{92893E5B-6A32-4DCB-B7DF-AE21BA943738} = {AFD3B767-8756-4E41-AA01-660A2E2EFBC6}
		{BE037B44-BF22-4AF2-98BB-AC4D0FF35E74} = {312AB5F0-0392-4D81-9ECA-55BA4DDCB5A6}
		{FA163E22-73A1-4336-A0A0-D10355AD6A85} = {9AB89D16-B751-4E0B-A504-7B44B268DAA1}
		{9B566AEA-A973-4D22-BC11-664AEC4C59D0} = {B54FD88F-F784-48F6-8853-EC419C98961F}
		{A232B5DF-9781-4843-A405-E14788DD0B21} = {7E5E8D5C-DD8F-4AF9-B235-0253C39E7CCC}
		{CDB0E567-DA5B-4379-8682-4A20641476A0} = {A0969864-7AA3-4867-BA6E-19201EFF3930}
		{36D45AEB-07E0-4182-A2C6-8228CEACD19D} = {D0B67A18-BA3A-499D-B9E1-E9892E2B5302}
	EndGlobalSection
	GlobalSection(ExtensibilityGlobals) = postSolution
		SolutionGuid = {46D2562D-1D2F-4E85-9F9B-C57376ED7A1A}
	EndGlobalSection
EndGlobal
